
Microsoft Visual Studio Solution File, Format Version 12.00
# Visual Studio 14
VisualStudioVersion = 14.0.23107.0
MinimumVisualStudioVersion = 10.0.40219.1
Project("{FAE04EC0-301F-11D3-BF4B-00C04F79EFBC}") = "Thread_basic", "Chap4-1_Thread\Thread_basic.csproj", "{E87CE64F-24CF-45A3-A203-6DA83DD1492F}"
EndProject
Project("{FAE04EC0-301F-11D3-BF4B-00C04F79EFBC}") = "Thread_Using", "Thread_Using\Thread_Using.csproj", "{44ACCA8A-EEF6-45A3-9EA7-329F2869BFBD}"
EndProject
Project("{FAE04EC0-301F-11D3-BF4B-00C04F79EFBC}") = "SortArray", "SortArray\SortArray.csproj", "{16497CB1-28E4-431D-904A-2C814D7D4C61}"
EndProject
Project("{FAE04EC0-301F-11D3-BF4B-00C04F79EFBC}") = "updateUIThread", "updateUIThread\updateUIThread.csproj", "{65FA0805-FAE3-44F9-88E1-8359BDDF2479}"
EndProject
Project("{FAE04EC0-301F-11D3-BF4B-00C04F79EFBC}") = "UsingBackgroundWorker", "BackgroundWorker\UsingBackgroundWorker.csproj", "{BE21B74E-9DF3-4A4F-A967-D46557AC9F42}"
EndProject
Global
	GlobalSection(SolutionConfigurationPlatforms) = preSolution
		Debug|Any CPU = Debug|Any CPU
		Release|Any CPU = Release|Any CPU
	EndGlobalSection
	GlobalSection(ProjectConfigurationPlatforms) = postSolution
		{E87CE64F-24CF-45A3-A203-6DA83DD1492F}.Debug|Any CPU.ActiveCfg = Debug|Any CPU
		{E87CE64F-24CF-45A3-A203-6DA83DD1492F}.Debug|Any CPU.Build.0 = Debug|Any CPU
		{E87CE64F-24CF-45A3-A203-6DA83DD1492F}.Release|Any CPU.ActiveCfg = Release|Any CPU
		{E87CE64F-24CF-45A3-A203-6DA83DD1492F}.Release|Any CPU.Build.0 = Release|Any CPU
		{44ACCA8A-EEF6-45A3-9EA7-329F2869BFBD}.Debug|Any CPU.ActiveCfg = Debug|Any CPU
		{44ACCA8A-EEF6-45A3-9EA7-329F2869BFBD}.Debug|Any CPU.Build.0 = Debug|Any CPU
		{44ACCA8A-EEF6-45A3-9EA7-329F2869BFBD}.Release|Any CPU.ActiveCfg = Release|Any CPU
		{44ACCA8A-EEF6-45A3-9EA7-329F2869BFBD}.Release|Any CPU.Build.0 = Release|Any CPU
		{16497CB1-28E4-431D-904A-2C814D7D4C61}.Debug|Any CPU.ActiveCfg = Debug|Any CPU
		{16497CB1-28E4-431D-904A-2C814D7D4C61}.Debug|Any CPU.Build.0 = Debug|Any CPU
		{16497CB1-28E4-431D-904A-2C814D7D4C61}.Release|Any CPU.ActiveCfg = Release|Any CPU
		{16497CB1-28E4-431D-904A-2C814D7D4C61}.Release|Any CPU.Build.0 = Release|Any CPU
		{65FA0805-FAE3-44F9-88E1-8359BDDF2479}.Debug|Any CPU.ActiveCfg = Debug|Any CPU
		{65FA0805-FAE3-44F9-88E1-8359BDDF2479}.Debug|Any CPU.Build.0 = Debug|Any CPU
		{65FA0805-FAE3-44F9-88E1-8359BDDF2479}.Release|Any CPU.ActiveCfg = Release|Any CPU
		{65FA0805-FAE3-44F9-88E1-8359BDDF2479}.Release|Any CPU.Build.0 = Release|Any CPU
		{BE21B74E-9DF3-4A4F-A967-D46557AC9F42}.Debug|Any CPU.ActiveCfg = Debug|Any CPU
		{BE21B74E-9DF3-4A4F-A967-D46557AC9F42}.Debug|Any CPU.Build.0 = Debug|Any CPU
		{BE21B74E-9DF3-4A4F-A967-D46557AC9F42}.Release|Any CPU.ActiveCfg = Release|Any CPU
		{BE21B74E-9DF3-4A4F-A967-D46557AC9F42}.Release|Any CPU.Build.0 = Release|Any CPU
	EndGlobalSection
	GlobalSection(SolutionProperties) = preSolution
		HideSolutionNode = FALSE
	EndGlobalSection
EndGlobal
