
Microsoft Visual Studio Solution File, Format Version 12.00
# Visual Studio 14
VisualStudioVersion = 14.0.25402.0
MinimumVisualStudioVersion = 10.0.40219.1
Project("{8BB2217D-0F2D-49D1-97BC-3654ED321F3B}") = "ASPCoreWebAPIServer", "ASPCoreWebAPIServer\ASPCoreWebAPIServer.xproj", "{671A911A-677A-44FB-8E66-645ECA74FB6B}"
EndProject
Project("{FAE04EC0-301F-11D3-BF4B-00C04F79EFBC}") = "HttpClientApp", "HttpClientApp\HttpClientApp.csproj", "{78BFDB48-D786-4752-AA44-9EE6A0C1E903}"
EndProject
Project("{FAE04EC0-301F-11D3-BF4B-00C04F79EFBC}") = "UseHttpViaSocket", "UseHttpViaSocket\UseHttpViaSocket.csproj", "{5C4F3A7A-826D-48CD-B1B0-D33DFAD47FFA}"
EndProject
Global
	GlobalSection(SolutionConfigurationPlatforms) = preSolution
		Debug|Any CPU = Debug|Any CPU
		Debug|x86 = Debug|x86
		Release|Any CPU = Release|Any CPU
		Release|x86 = Release|x86
	EndGlobalSection
	GlobalSection(ProjectConfigurationPlatforms) = postSolution
		{671A911A-677A-44FB-8E66-645ECA74FB6B}.Debug|Any CPU.ActiveCfg = Debug|Any CPU
		{671A911A-677A-44FB-8E66-645ECA74FB6B}.Debug|Any CPU.Build.0 = Debug|Any CPU
		{671A911A-677A-44FB-8E66-645ECA74FB6B}.Debug|x86.ActiveCfg = Debug|Any CPU
		{671A911A-677A-44FB-8E66-645ECA74FB6B}.Debug|x86.Build.0 = Debug|Any CPU
		{671A911A-677A-44FB-8E66-645ECA74FB6B}.Release|Any CPU.ActiveCfg = Release|Any CPU
		{671A911A-677A-44FB-8E66-645ECA74FB6B}.Release|Any CPU.Build.0 = Release|Any CPU
		{671A911A-677A-44FB-8E66-645ECA74FB6B}.Release|x86.ActiveCfg = Release|Any CPU
		{671A911A-677A-44FB-8E66-645ECA74FB6B}.Release|x86.Build.0 = Release|Any CPU
		{78BFDB48-D786-4752-AA44-9EE6A0C1E903}.Debug|Any CPU.ActiveCfg = Debug|Any CPU
		{78BFDB48-D786-4752-AA44-9EE6A0C1E903}.Debug|Any CPU.Build.0 = Debug|Any CPU
		{78BFDB48-D786-4752-AA44-9EE6A0C1E903}.Debug|x86.ActiveCfg = Debug|Any CPU
		{78BFDB48-D786-4752-AA44-9EE6A0C1E903}.Debug|x86.Build.0 = Debug|Any CPU
		{78BFDB48-D786-4752-AA44-9EE6A0C1E903}.Release|Any CPU.ActiveCfg = Release|Any CPU
		{78BFDB48-D786-4752-AA44-9EE6A0C1E903}.Release|Any CPU.Build.0 = Release|Any CPU
		{78BFDB48-D786-4752-AA44-9EE6A0C1E903}.Release|x86.ActiveCfg = Release|Any CPU
		{78BFDB48-D786-4752-AA44-9EE6A0C1E903}.Release|x86.Build.0 = Release|Any CPU
		{5C4F3A7A-826D-48CD-B1B0-D33DFAD47FFA}.Debug|Any CPU.ActiveCfg = Debug|x86
		{5C4F3A7A-826D-48CD-B1B0-D33DFAD47FFA}.Debug|x86.ActiveCfg = Debug|x86
		{5C4F3A7A-826D-48CD-B1B0-D33DFAD47FFA}.Debug|x86.Build.0 = Debug|x86
		{5C4F3A7A-826D-48CD-B1B0-D33DFAD47FFA}.Release|Any CPU.ActiveCfg = Release|x86
		{5C4F3A7A-826D-48CD-B1B0-D33DFAD47FFA}.Release|x86.ActiveCfg = Release|x86
		{5C4F3A7A-826D-48CD-B1B0-D33DFAD47FFA}.Release|x86.Build.0 = Release|x86
	EndGlobalSection
	GlobalSection(SolutionProperties) = preSolution
		HideSolutionNode = FALSE
	EndGlobalSection
EndGlobal
